// !$*UTF8*$!
{
	archiveVersion = 1;
	classes = {
	};
	objectVersion = 52;
	objects = {

/* Begin PBXBuildFile section */
		EABF113626341D0A00348540 /* main.swift in Sources */ = {isa = PBXBuildFile; fileRef = EABF113526341D0A00348540 /* main.swift */; };
		EABF115526341D6D00348540 /* TextRefiner_Improved_Tests.swift in Sources */ = {isa = PBXBuildFile; fileRef = EABF115426341D6D00348540 /* TextRefiner_Improved_Tests.swift */; };
		EABF116B26341DCF00348540 /* TextRefiner_Improved.swift in Sources */ = {isa = PBXBuildFile; fileRef = EABF116A26341DCF00348540 /* TextRefiner_Improved.swift */; };
		EABF117026341E2700348540 /* Nimble in Frameworks */ = {isa = PBXBuildFile; productRef = EABF116F26341E2700348540 /* Nimble */; };
		EABF117526341E3A00348540 /* Quick in Frameworks */ = {isa = PBXBuildFile; productRef = EABF117426341E3A00348540 /* Quick */; };
		EABF117826341E4A00348540 /* TextRefiner_Improved.swift in Sources */ = {isa = PBXBuildFile; fileRef = EABF116A26341DCF00348540 /* TextRefiner_Improved.swift */; };
/* End PBXBuildFile section */

/* Begin PBXCopyFilesBuildPhase section */
		EABF113026341D0A00348540 /* CopyFiles */ = {
			isa = PBXCopyFilesBuildPhase;
			buildActionMask = 2147483647;
			dstPath = /usr/share/man/man1/;
			dstSubfolderSpec = 0;
			files = (
			);
			runOnlyForDeploymentPostprocessing = 1;
		};
/* End PBXCopyFilesBuildPhase section */

/* Begin PBXFileReference section */
		EABF113226341D0A00348540 /* TextRefiner_Improved */ = {isa = PBXFileReference; explicitFileType = "compiled.mach-o.executable"; includeInIndex = 0; path = TextRefiner_Improved; sourceTree = BUILT_PRODUCTS_DIR; };
		EABF113526341D0A00348540 /* main.swift */ = {isa = PBXFileReference; lastKnownFileType = sourcecode.swift; path = main.swift; sourceTree = "<group>"; };
		EABF115226341D6D00348540 /* TextRefiner_Improved_Tests.xctest */ = {isa = PBXFileReference; explicitFileType = wrapper.cfbundle; includeInIndex = 0; path = TextRefiner_Improved_Tests.xctest; sourceTree = BUILT_PRODUCTS_DIR; };
		EABF115426341D6D00348540 /* TextRefiner_Improved_Tests.swift */ = {isa = PBXFileReference; lastKnownFileType = sourcecode.swift; path = TextRefiner_Improved_Tests.swift; sourceTree = "<group>"; };
		EABF115626341D6D00348540 /* Info.plist */ = {isa = PBXFileReference; lastKnownFileType = text.plist.xml; path = Info.plist; sourceTree = "<group>"; };
		EABF116A26341DCF00348540 /* TextRefiner_Improved.swift */ = {isa = PBXFileReference; lastKnownFileType = sourcecode.swift; path = TextRefiner_Improved.swift; sourceTree = "<group>"; };
/* End PBXFileReference section */

/* Begin PBXFrameworksBuildPhase section */
		EABF112F26341D0A00348540 /* Frameworks */ = {
			isa = PBXFrameworksBuildPhase;
			buildActionMask = 2147483647;
			files = (
			);
			runOnlyForDeploymentPostprocessing = 0;
		};
		EABF114F26341D6D00348540 /* Frameworks */ = {
			isa = PBXFrameworksBuildPhase;
			buildActionMask = 2147483647;
			files = (
				EABF117526341E3A00348540 /* Quick in Frameworks */,
				EABF117026341E2700348540 /* Nimble in Frameworks */,
			);
			runOnlyForDeploymentPostprocessing = 0;
		};
/* End PBXFrameworksBuildPhase section */

/* Begin PBXGroup section */
		EABF112926341D0A00348540 = {
			isa = PBXGroup;
			children = (
				EABF113426341D0A00348540 /* TextRefiner_Improved */,
				EABF115326341D6D00348540 /* TextRefiner_Improved_Tests */,
				EABF113326341D0A00348540 /* Products */,
			);
			sourceTree = "<group>";
		};
		EABF113326341D0A00348540 /* Products */ = {
			isa = PBXGroup;
			children = (
				EABF113226341D0A00348540 /* TextRefiner_Improved */,
				EABF115226341D6D00348540 /* TextRefiner_Improved_Tests.xctest */,
			);
			name = Products;
			sourceTree = "<group>";
		};
		EABF113426341D0A00348540 /* TextRefiner_Improved */ = {
			isa = PBXGroup;
			children = (
				EABF113526341D0A00348540 /* main.swift */,
				EABF116A26341DCF00348540 /* TextRefiner_Improved.swift */,
			);
			path = TextRefiner_Improved;
			sourceTree = "<group>";
		};
		EABF115326341D6D00348540 /* TextRefiner_Improved_Tests */ = {
			isa = PBXGroup;
			children = (
				EABF115426341D6D00348540 /* TextRefiner_Improved_Tests.swift */,
				EABF115626341D6D00348540 /* Info.plist */,
			);
			path = TextRefiner_Improved_Tests;
			sourceTree = "<group>";
		};
/* End PBXGroup section */

/* Begin PBXNativeTarget section */
		EABF113126341D0A00348540 /* TextRefiner_Improved */ = {
			isa = PBXNativeTarget;
			buildConfigurationList = EABF113926341D0A00348540 /* Build configuration list for PBXNativeTarget "TextRefiner_Improved" */;
			buildPhases = (
				EABF112E26341D0A00348540 /* Sources */,
				EABF112F26341D0A00348540 /* Frameworks */,
				EABF113026341D0A00348540 /* CopyFiles */,
			);
			buildRules = (
			);
			dependencies = (
			);
			name = TextRefiner_Improved;
			packageProductDependencies = (
			);
			productName = TextRefiner_Improved;
			productReference = EABF113226341D0A00348540 /* TextRefiner_Improved */;
			productType = "com.apple.product-type.tool";
		};
		EABF115126341D6D00348540 /* TextRefiner_Improved_Tests */ = {
			isa = PBXNativeTarget;
			buildConfigurationList = EABF115726341D6D00348540 /* Build configuration list for PBXNativeTarget "TextRefiner_Improved_Tests" */;
			buildPhases = (
				EABF114E26341D6D00348540 /* Sources */,
				EABF114F26341D6D00348540 /* Frameworks */,
				EABF115026341D6D00348540 /* Resources */,
			);
			buildRules = (
			);
			dependencies = (
			);
			name = TextRefiner_Improved_Tests;
			packageProductDependencies = (
				EABF116F26341E2700348540 /* Nimble */,
				EABF117426341E3A00348540 /* Quick */,
			);
			productName = TextRefiner_Improved_Tests;
			productReference = EABF115226341D6D00348540 /* TextRefiner_Improved_Tests.xctest */;
			productType = "com.apple.product-type.bundle.unit-test";
		};
/* End PBXNativeTarget section */

/* Begin PBXProject section */
		EABF112A26341D0A00348540 /* Project object */ = {
			isa = PBXProject;
			attributes = {
				LastSwiftUpdateCheck = 1240;
				LastUpgradeCheck = 1240;
				TargetAttributes = {
					EABF113126341D0A00348540 = {
						CreatedOnToolsVersion = 12.4;
					};
					EABF115126341D6D00348540 = {
						CreatedOnToolsVersion = 12.4;
					};
				};
			};
			buildConfigurationList = EABF112D26341D0A00348540 /* Build configuration list for PBXProject "TextRefiner_Improved" */;
			compatibilityVersion = "Xcode 9.3";
			developmentRegion = en;
			hasScannedForEncodings = 0;
			knownRegions = (
				en,
				Base,
			);
			mainGroup = EABF112926341D0A00348540;
			packageReferences = (
				EABF116E26341E2700348540 /* XCRemoteSwiftPackageReference "Nimble" */,
				EABF117326341E3A00348540 /* XCRemoteSwiftPackageReference "Quick" */,
			);
			productRefGroup = EABF113326341D0A00348540 /* Products */;
			projectDirPath = "";
			projectRoot = "";
			targets = (
				EABF113126341D0A00348540 /* TextRefiner_Improved */,
				EABF115126341D6D00348540 /* TextRefiner_Improved_Tests */,
			);
		};
/* End PBXProject section */

/* Begin PBXResourcesBuildPhase section */
		EABF115026341D6D00348540 /* Resources */ = {
			isa = PBXResourcesBuildPhase;
			buildActionMask = 2147483647;
			files = (
			);
			runOnlyForDeploymentPostprocessing = 0;
		};
/* End PBXResourcesBuildPhase section */

/* Begin PBXSourcesBuildPhase section */
		EABF112E26341D0A00348540 /* Sources */ = {
			isa = PBXSourcesBuildPhase;
			buildActionMask = 2147483647;
			files = (
				EABF116B26341DCF00348540 /* TextRefiner_Improved.swift in Sources */,
				EABF113626341D0A00348540 /* main.swift in Sources */,
			);
			runOnlyForDeploymentPostprocessing = 0;
		};
		EABF114E26341D6D00348540 /* Sources */ = {
			isa = PBXSourcesBuildPhase;
			buildActionMask = 2147483647;
			files = (
				EABF117826341E4A00348540 /* TextRefiner_Improved.swift in Sources */,
				EABF115526341D6D00348540 /* TextRefiner_Improved_Tests.swift in Sources */,
			);
			runOnlyForDeploymentPostprocessing = 0;
		};
/* End PBXSourcesBuildPhase section */

/* Begin XCBuildConfiguration section */
		EABF113726341D0A00348540 /* Debug */ = {
			isa = XCBuildConfiguration;
			buildSettings = {
				ALWAYS_SEARCH_USER_PATHS = NO;
				CLANG_ANALYZER_NONNULL = YES;
				CLANG_ANALYZER_NUMBER_OBJECT_CONVERSION = YES_AGGRESSIVE;
				CLANG_CXX_LANGUAGE_STANDARD = "gnu++14";
				CLANG_CXX_LIBRARY = "libc++";
				CLANG_ENABLE_MODULES = YES;
				CLANG_ENABLE_OBJC_ARC = YES;
				CLANG_ENABLE_OBJC_WEAK = YES;
				CLANG_WARN_BLOCK_CAPTURE_AUTORELEASING = YES;
				CLANG_WARN_BOOL_CONVERSION = YES;
				CLANG_WARN_COMMA = YES;
				CLANG_WARN_CONSTANT_CONVERSION = YES;
				CLANG_WARN_DEPRECATED_OBJC_IMPLEMENTATIONS = YES;
				CLANG_WARN_DIRECT_OBJC_ISA_USAGE = YES_ERROR;
				CLANG_WARN_DOCUMENTATION_COMMENTS = YES;
				CLANG_WARN_EMPTY_BODY = YES;
				CLANG_WARN_ENUM_CONVERSION = YES;
				CLANG_WARN_INFINITE_RECURSION = YES;
				CLANG_WARN_INT_CONVERSION = YES;
				CLANG_WARN_NON_LITERAL_NULL_CONVERSION = YES;
				CLANG_WARN_OBJC_IMPLICIT_RETAIN_SELF = YES;
				CLANG_WARN_OBJC_LITERAL_CONVERSION = YES;
				CLANG_WARN_OBJC_ROOT_CLASS = YES_ERROR;
				CLANG_WARN_QUOTED_INCLUDE_IN_FRAMEWORK_HEADER = YES;
				CLANG_WARN_RANGE_LOOP_ANALYSIS = YES;
				CLANG_WARN_STRICT_PROTOTYPES = YES;
				CLANG_WARN_SUSPICIOUS_MOVE = YES;
				CLANG_WARN_UNGUARDED_AVAILABILITY = YES_AGGRESSIVE;
				CLANG_WARN_UNREACHABLE_CODE = YES;
				CLANG_WARN__DUPLICATE_METHOD_MATCH = YES;
				COPY_PHASE_STRIP = NO;
				DEBUG_INFORMATION_FORMAT = dwarf;
				ENABLE_STRICT_OBJC_MSGSEND = YES;
				ENABLE_TESTABILITY = YES;
				GCC_C_LANGUAGE_STANDARD = gnu11;
				GCC_DYNAMIC_NO_PIC = NO;
				GCC_NO_COMMON_BLOCKS = YES;
				GCC_OPTIMIZATION_LEVEL = 0;
				GCC_PREPROCESSOR_DEFINITIONS = (
					"DEBUG=1",
					"$(inherited)",
				);
				GCC_WARN_64_TO_32_BIT_CONVERSION = YES;
				GCC_WARN_ABOUT_RETURN_TYPE = YES_ERROR;
				GCC_WARN_UNDECLARED_SELECTOR = YES;
				GCC_WARN_UNINITIALIZED_AUTOS = YES_AGGRESSIVE;
				GCC_WARN_UNUSED_FUNCTION = YES;
				GCC_WARN_UNUSED_VARIABLE = YES;
				MACOSX_DEPLOYMENT_TARGET = 11.1;
				MTL_ENABLE_DEBUG_INFO = INCLUDE_SOURCE;
				MTL_FAST_MATH = YES;
				ONLY_ACTIVE_ARCH = YES;
				SDKROOT = macosx;
				SWIFT_ACTIVE_COMPILATION_CONDITIONS = DEBUG;
				SWIFT_OPTIMIZATION_LEVEL = "-Onone";
			};
			name = Debug;
		};
		EABF113826341D0A00348540 /* Release */ = {
			isa = XCBuildConfiguration;
			buildSettings = {
				ALWAYS_SEARCH_USER_PATHS = NO;
				CLANG_ANALYZER_NONNULL = YES;
				CLANG_ANALYZER_NUMBER_OBJECT_CONVERSION = YES_AGGRESSIVE;
				CLANG_CXX_LANGUAGE_STANDARD = "gnu++14";
				CLANG_CXX_LIBRARY = "libc++";
				CLANG_ENABLE_MODULES = YES;
				CLANG_ENABLE_OBJC_ARC = YES;
				CLANG_ENABLE_OBJC_WEAK = YES;
				CLANG_WARN_BLOCK_CAPTURE_AUTORELEASING = YES;
				CLANG_WARN_BOOL_CONVERSION = YES;
				CLANG_WARN_COMMA = YES;
				CLANG_WARN_CONSTANT_CONVERSION = YES;
				CLANG_WARN_DEPRECATED_OBJC_IMPLEMENTATIONS = YES;
				CLANG_WARN_DIRECT_OBJC_ISA_USAGE = YES_ERROR;
				CLANG_WARN_DOCUMENTATION_COMMENTS = YES;
				CLANG_WARN_EMPTY_BODY = YES;
				CLANG_WARN_ENUM_CONVERSION = YES;
				CLANG_WARN_INFINITE_RECURSION = YES;
				CLANG_WARN_INT_CONVERSION = YES;
				CLANG_WARN_NON_LITERAL_NULL_CONVERSION = YES;
				CLANG_WARN_OBJC_IMPLICIT_RETAIN_SELF = YES;
				CLANG_WARN_OBJC_LITERAL_CONVERSION = YES;
				CLANG_WARN_OBJC_ROOT_CLASS = YES_ERROR;
				CLANG_WARN_QUOTED_INCLUDE_IN_FRAMEWORK_HEADER = YES;
				CLANG_WARN_RANGE_LOOP_ANALYSIS = YES;
				CLANG_WARN_STRICT_PROTOTYPES = YES;
				CLANG_WARN_SUSPICIOUS_MOVE = YES;
				CLANG_WARN_UNGUARDED_AVAILABILITY = YES_AGGRESSIVE;
				CLANG_WARN_UNREACHABLE_CODE = YES;
				CLANG_WARN__DUPLICATE_METHOD_MATCH = YES;
				COPY_PHASE_STRIP = NO;
				DEBUG_INFORMATION_FORMAT = "dwarf-with-dsym";
				ENABLE_NS_ASSERTIONS = NO;
				ENABLE_STRICT_OBJC_MSGSEND = YES;
				GCC_C_LANGUAGE_STANDARD = gnu11;
				GCC_NO_COMMON_BLOCKS = YES;
				GCC_WARN_64_TO_32_BIT_CONVERSION = YES;
				GCC_WARN_ABOUT_RETURN_TYPE = YES_ERROR;
				GCC_WARN_UNDECLARED_SELECTOR = YES;
				GCC_WARN_UNINITIALIZED_AUTOS = YES_AGGRESSIVE;
				GCC_WARN_UNUSED_FUNCTION = YES;
				GCC_WARN_UNUSED_VARIABLE = YES;
				MACOSX_DEPLOYMENT_TARGET = 11.1;
				MTL_ENABLE_DEBUG_INFO = NO;
				MTL_FAST_MATH = YES;
				SDKROOT = macosx;
				SWIFT_COMPILATION_MODE = wholemodule;
				SWIFT_OPTIMIZATION_LEVEL = "-O";
			};
			name = Release;
		};
		EABF113A26341D0A00348540 /* Debug */ = {
			isa = XCBuildConfiguration;
			buildSettings = {
				CODE_SIGN_STYLE = Automatic;
				DEVELOPMENT_TEAM = FJHLD62USU;
				ENABLE_HARDENED_RUNTIME = YES;
				PRODUCT_NAME = "$(TARGET_NAME)";
				SWIFT_VERSION = 5.0;
			};
			name = Debug;
		};
		EABF113B26341D0A00348540 /* Release */ = {
			isa = XCBuildConfiguration;
			buildSettings = {
				CODE_SIGN_STYLE = Automatic;
				DEVELOPMENT_TEAM = FJHLD62USU;
				ENABLE_HARDENED_RUNTIME = YES;
				PRODUCT_NAME = "$(TARGET_NAME)";
				SWIFT_VERSION = 5.0;
			};
			name = Release;
		};
		EABF115826341D6D00348540 /* Debug */ = {
			isa = XCBuildConfiguration;
			buildSettings = {
				CODE_SIGN_STYLE = Automatic;
				COMBINE_HIDPI_IMAGES = YES;
				DEVELOPMENT_TEAM = FJHLD62USU;
				INFOPLIST_FILE = TextRefiner_Improved_Tests/Info.plist;
				LD_RUNPATH_SEARCH_PATHS = (
					"$(inherited)",
					"@executable_path/../Frameworks",
					"@loader_path/../Frameworks",
				);
				PRODUCT_BUNDLE_IDENTIFIER = "com.gmail.hc.gwonii.TextRefiner-Improved-Tests";
				PRODUCT_NAME = "$(TARGET_NAME)";
				SWIFT_VERSION = 5.0;
			};
			name = Debug;
		};
		EABF115926341D6D00348540 /* Release */ = {
			isa = XCBuildConfiguration;
			buildSettings = {
				CODE_SIGN_STYLE = Automatic;
				COMBINE_HIDPI_IMAGES = YES;
				DEVELOPMENT_TEAM = FJHLD62USU;
				INFOPLIST_FILE = TextRefiner_Improved_Tests/Info.plist;
				LD_RUNPATH_SEARCH_PATHS = (
					"$(inherited)",
					"@executable_path/../Frameworks",
					"@loader_path/../Frameworks",
				);
				PRODUCT_BUNDLE_IDENTIFIER = "com.gmail.hc.gwonii.TextRefiner-Improved-Tests";
				PRODUCT_NAME = "$(TARGET_NAME)";
				SWIFT_VERSION = 5.0;
			};
			name = Release;
		};
/* End XCBuildConfiguration section */

/* Begin XCConfigurationList section */
		EABF112D26341D0A00348540 /* Build configuration list for PBXProject "TextRefiner_Improved" */ = {
			isa = XCConfigurationList;
			buildConfigurations = (
				EABF113726341D0A00348540 /* Debug */,
				EABF113826341D0A00348540 /* Release */,
			);
			defaultConfigurationIsVisible = 0;
			defaultConfigurationName = Release;
		};
		EABF113926341D0A00348540 /* Build configuration list for PBXNativeTarget "TextRefiner_Improved" */ = {
			isa = XCConfigurationList;
			buildConfigurations = (
				EABF113A26341D0A00348540 /* Debug */,
				EABF113B26341D0A00348540 /* Release */,
			);
			defaultConfigurationIsVisible = 0;
			defaultConfigurationName = Release;
		};
		EABF115726341D6D00348540 /* Build configuration list for PBXNativeTarget "TextRefiner_Improved_Tests" */ = {
			isa = XCConfigurationList;
			buildConfigurations = (
				EABF115826341D6D00348540 /* Debug */,
				EABF115926341D6D00348540 /* Release */,
			);
			defaultConfigurationIsVisible = 0;
			defaultConfigurationName = Release;
		};
/* End XCConfigurationList section */

/* Begin XCRemoteSwiftPackageReference section */
		EABF116E26341E2700348540 /* XCRemoteSwiftPackageReference "Nimble" */ = {
			isa = XCRemoteSwiftPackageReference;
			repositoryURL = "https://github.com/Quick/Nimble.git";
			requirement = {
				kind = upToNextMajorVersion;
				minimumVersion = 9.0.1;
			};
		};
		EABF117326341E3A00348540 /* XCRemoteSwiftPackageReference "Quick" */ = {
			isa = XCRemoteSwiftPackageReference;
			repositoryURL = "https://github.com/Quick/Quick.git";
			requirement = {
				kind = upToNextMajorVersion;
				minimumVersion = 3.1.2;
			};
		};
/* End XCRemoteSwiftPackageReference section */

/* Begin XCSwiftPackageProductDependency section */
		EABF116F26341E2700348540 /* Nimble */ = {
			isa = XCSwiftPackageProductDependency;
			package = EABF116E26341E2700348540 /* XCRemoteSwiftPackageReference "Nimble" */;
			productName = Nimble;
		};
		EABF117426341E3A00348540 /* Quick */ = {
			isa = XCSwiftPackageProductDependency;
			package = EABF117326341E3A00348540 /* XCRemoteSwiftPackageReference "Quick" */;
			productName = Quick;
		};
/* End XCSwiftPackageProductDependency section */
	};
	rootObject = EABF112A26341D0A00348540 /* Project object */;
}
